
Microsoft Visual Studio Solution File, Format Version 12.00
# Visual Studio Version 17
VisualStudioVersion = 17.5.002.0
MinimumVisualStudioVersion = 10.0.40219.1
Project("{9A19103F-16F7-4668-BE54-9A1E7A4F7556}") = "CasaRepousoWeb", "CasaRepousoWeb.csproj", "{8D210680-F008-4003-8261-7CF49AA6022D}"
EndProject
Global
	GlobalSection(SolutionConfigurationPlatforms) = preSolution
		Debug|Any CPU = Debug|Any CPU
		Release|Any CPU = Release|Any CPU
	EndGlobalSection
	GlobalSection(ProjectConfigurationPlatforms) = postSolution
		{8D210680-F008-4003-8261-7CF49AA6022D}.Debug|Any CPU.ActiveCfg = Debug|Any CPU
		{8D210680-F008-4003-8261-7CF49AA6022D}.Debug|Any CPU.Build.0 = Debug|Any CPU
		{8D210680-F008-4003-8261-7CF49AA6022D}.Release|Any CPU.ActiveCfg = Release|Any CPU
		{8D210680-F008-4003-8261-7CF49AA6022D}.Release|Any CPU.Build.0 = Release|Any CPU
	EndGlobalSection
	GlobalSection(SolutionProperties) = preSolution
		HideSolutionNode = FALSE
	EndGlobalSection
	GlobalSection(ExtensibilityGlobals) = postSolution
		SolutionGuid = {0A353E5C-B41F-4F45-8284-E5CA69B49497}
	EndGlobalSection
EndGlobal
