
Microsoft Visual Studio Solution File, Format Version 12.00
# Visual Studio Version 17
VisualStudioVersion = 17.5.001.0
MinimumVisualStudioVersion = 10.0.40219.1
Project("{9A19103F-16F7-4668-BE54-9A1E7A4F7556}") = "CasaRepousoWeb", "CasaRepousoWeb.csproj", "{F9ACA0FD-5392-4BB2-8E6D-AA7845E81520}"
EndProject
Global
	GlobalSection(SolutionConfigurationPlatforms) = preSolution
		Debug|Any CPU = Debug|Any CPU
		Release|Any CPU = Release|Any CPU
	EndGlobalSection
	GlobalSection(ProjectConfigurationPlatforms) = postSolution
		{F9ACA0FD-5392-4BB2-8E6D-AA7845E81520}.Debug|Any CPU.ActiveCfg = Debug|Any CPU
		{F9ACA0FD-5392-4BB2-8E6D-AA7845E81520}.Debug|Any CPU.Build.0 = Debug|Any CPU
		{F9ACA0FD-5392-4BB2-8E6D-AA7845E81520}.Release|Any CPU.ActiveCfg = Release|Any CPU
		{F9ACA0FD-5392-4BB2-8E6D-AA7845E81520}.Release|Any CPU.Build.0 = Release|Any CPU
	EndGlobalSection
	GlobalSection(SolutionProperties) = preSolution
		HideSolutionNode = FALSE
	EndGlobalSection
	GlobalSection(ExtensibilityGlobals) = postSolution
		SolutionGuid = {827D0537-FBF3-48A0-8A7C-52C0285E54A7}
	EndGlobalSection
EndGlobal
